
Microsoft Visual Studio Solution File, Format Version 12.00
# Visual Studio Version 17
VisualStudioVersion = 17.0.31903.59
MinimumVisualStudioVersion = 10.0.40219.1
Project("{FAE04EC0-301F-11D3-BF4B-00C04F79EFBC}") = "HelloWorldDevOps", "SendRequests.console\HelloWorldDevOps.csproj", "{573DBD7B-ABDC-46E2-A74A-703BDCDE2C15}"
EndProject
Project("{FAE04EC0-301F-11D3-BF4B-00C04F79EFBC}") = "SendRequests.Tests", "SendRequests.Tests\SendRequests.Tests.csproj", "{915CE2A9-4243-4409-BE6E-FB3B9AE1E93C}"
EndProject
Global
	GlobalSection(SolutionConfigurationPlatforms) = preSolution
		Debug|Any CPU = Debug|Any CPU
		Release|Any CPU = Release|Any CPU
	EndGlobalSection
	GlobalSection(SolutionProperties) = preSolution
		HideSolutionNode = FALSE
	EndGlobalSection
	GlobalSection(ProjectConfigurationPlatforms) = postSolution
		{573DBD7B-ABDC-46E2-A74A-703BDCDE2C15}.Debug|Any CPU.ActiveCfg = Debug|Any CPU
		{573DBD7B-ABDC-46E2-A74A-703BDCDE2C15}.Debug|Any CPU.Build.0 = Debug|Any CPU
		{573DBD7B-ABDC-46E2-A74A-703BDCDE2C15}.Release|Any CPU.ActiveCfg = Release|Any CPU
		{573DBD7B-ABDC-46E2-A74A-703BDCDE2C15}.Release|Any CPU.Build.0 = Release|Any CPU
		{915CE2A9-4243-4409-BE6E-FB3B9AE1E93C}.Debug|Any CPU.ActiveCfg = Debug|Any CPU
		{915CE2A9-4243-4409-BE6E-FB3B9AE1E93C}.Debug|Any CPU.Build.0 = Debug|Any CPU
		{915CE2A9-4243-4409-BE6E-FB3B9AE1E93C}.Release|Any CPU.ActiveCfg = Release|Any CPU
		{915CE2A9-4243-4409-BE6E-FB3B9AE1E93C}.Release|Any CPU.Build.0 = Release|Any CPU
	EndGlobalSection
EndGlobal
