Microsoft Visual Studio Solution File, Format Version 12.00
# Visual Studio Version 17
VisualStudioVersion = 17.5.2.0
MinimumVisualStudioVersion = 10.0.40219.1
Project("{FAE04EC0-301F-11D3-BF4B-00C04F79EFBC}") = "HelloWorldDevOps", "HelloWorldDevOps.csproj", "{A6C843F1-0308-1C4E-284C-86861A7A58EE}"
EndProject
Global
	GlobalSection(SolutionConfigurationPlatforms) = preSolution
		Debug|Any CPU = Debug|Any CPU
		Release|Any CPU = Release|Any CPU
	EndGlobalSection
	GlobalSection(ProjectConfigurationPlatforms) = postSolution
		{A6C843F1-0308-1C4E-284C-86861A7A58EE}.Debug|Any CPU.ActiveCfg = Debug|Any CPU
		{A6C843F1-0308-1C4E-284C-86861A7A58EE}.Debug|Any CPU.Build.0 = Debug|Any CPU
		{A6C843F1-0308-1C4E-284C-86861A7A58EE}.Release|Any CPU.ActiveCfg = Release|Any CPU
		{A6C843F1-0308-1C4E-284C-86861A7A58EE}.Release|Any CPU.Build.0 = Release|Any CPU
	EndGlobalSection
	GlobalSection(SolutionProperties) = preSolution
		HideSolutionNode = FALSE
	EndGlobalSection
	GlobalSection(ExtensibilityGlobals) = postSolution
		SolutionGuid = {DA32B4FB-D7D6-47AD-8AD3-2446FCD5F7C6}
	EndGlobalSection
EndGlobal
